
Microsoft Visual Studio Solution File, Format Version 12.00
# Visual Studio Version 17
VisualStudioVersion = 17.5.002.0
MinimumVisualStudioVersion = 10.0.40219.1
Project("{9A19103F-16F7-4668-BE54-9A1E7A4F7556}") = "ExampleApiServices", "ExampleApiServices.csproj", "{19FC3C57-A7F0-49F4-A852-B44A2D56764D}"
EndProject
Global
	GlobalSection(SolutionConfigurationPlatforms) = preSolution
		Debug|Any CPU = Debug|Any CPU
		Release|Any CPU = Release|Any CPU
	EndGlobalSection
	GlobalSection(ProjectConfigurationPlatforms) = postSolution
		{19FC3C57-A7F0-49F4-A852-B44A2D56764D}.Debug|Any CPU.ActiveCfg = Debug|Any CPU
		{19FC3C57-A7F0-49F4-A852-B44A2D56764D}.Debug|Any CPU.Build.0 = Debug|Any CPU
		{19FC3C57-A7F0-49F4-A852-B44A2D56764D}.Release|Any CPU.ActiveCfg = Release|Any CPU
		{19FC3C57-A7F0-49F4-A852-B44A2D56764D}.Release|Any CPU.Build.0 = Release|Any CPU
	EndGlobalSection
	GlobalSection(SolutionProperties) = preSolution
		HideSolutionNode = FALSE
	EndGlobalSection
	GlobalSection(ExtensibilityGlobals) = postSolution
		SolutionGuid = {63A08606-4F27-48AE-8218-BF16E373105E}
	EndGlobalSection
EndGlobal
